
Microsoft Visual Studio Solution File, Format Version 12.00
# Visual Studio 15
VisualStudioVersion = 15.0.27004.2008
MinimumVisualStudioVersion = 10.0.40219.1
Project("{9A19103F-16F7-4668-BE54-9A1E7A4F7556}") = "CommuteUpdater", "CommuteUpdater\CommuteUpdater.csproj", "{E6906D4B-5712-4692-A903-95D549FFA1EE}"
EndProject
Project("{FAE04EC0-301F-11D3-BF4B-00C04F79EFBC}") = "CommuteUpdater.Tests", "CommuteUpdater.Tests\CommuteUpdater.Tests.csproj", "{2B8F23F7-2503-4B10-BE31-A7B46574701E}"
EndProject
Global
	GlobalSection(SolutionConfigurationPlatforms) = preSolution
		Debug|Any CPU = Debug|Any CPU
		Release|Any CPU = Release|Any CPU
	EndGlobalSection
	GlobalSection(ProjectConfigurationPlatforms) = postSolution
		{E6906D4B-5712-4692-A903-95D549FFA1EE}.Debug|Any CPU.ActiveCfg = Debug|Any CPU
		{E6906D4B-5712-4692-A903-95D549FFA1EE}.Debug|Any CPU.Build.0 = Debug|Any CPU
		{E6906D4B-5712-4692-A903-95D549FFA1EE}.Release|Any CPU.ActiveCfg = Release|Any CPU
		{E6906D4B-5712-4692-A903-95D549FFA1EE}.Release|Any CPU.Build.0 = Release|Any CPU
		{2B8F23F7-2503-4B10-BE31-A7B46574701E}.Debug|Any CPU.ActiveCfg = Debug|Any CPU
		{2B8F23F7-2503-4B10-BE31-A7B46574701E}.Debug|Any CPU.Build.0 = Debug|Any CPU
		{2B8F23F7-2503-4B10-BE31-A7B46574701E}.Release|Any CPU.ActiveCfg = Release|Any CPU
		{2B8F23F7-2503-4B10-BE31-A7B46574701E}.Release|Any CPU.Build.0 = Release|Any CPU
	EndGlobalSection
	GlobalSection(SolutionProperties) = preSolution
		HideSolutionNode = FALSE
	EndGlobalSection
	GlobalSection(ExtensibilityGlobals) = postSolution
		SolutionGuid = {E6AB3373-922D-44E2-AFB8-8430BC1D4165}
	EndGlobalSection
EndGlobal
